
Microsoft Visual Studio Solution File, Format Version 12.00
# Visual Studio Version 16
VisualStudioVersion = 16.0.30503.244
MinimumVisualStudioVersion = 10.0.40219.1
Project("{FAE04EC0-301F-11D3-BF4B-00C04F79EFBC}") = "Lesson01", "Lesson01\Lesson01.csproj", "{73F57402-AB11-4782-8E1F-407324A30740}"
EndProject
Project("{FAE04EC0-301F-11D3-BF4B-00C04F79EFBC}") = "MyClass", "MyClass\MyClass.csproj", "{6E8B9B90-E811-4BCF-96E9-D7EA5052C51D}"
EndProject
Global
	GlobalSection(SolutionConfigurationPlatforms) = preSolution
		Debug|Any CPU = Debug|Any CPU
		Release|Any CPU = Release|Any CPU
	EndGlobalSection
	GlobalSection(ProjectConfigurationPlatforms) = postSolution
		{73F57402-AB11-4782-8E1F-407324A30740}.Debug|Any CPU.ActiveCfg = Debug|Any CPU
		{73F57402-AB11-4782-8E1F-407324A30740}.Debug|Any CPU.Build.0 = Debug|Any CPU
		{73F57402-AB11-4782-8E1F-407324A30740}.Release|Any CPU.ActiveCfg = Release|Any CPU
		{73F57402-AB11-4782-8E1F-407324A30740}.Release|Any CPU.Build.0 = Release|Any CPU
		{6E8B9B90-E811-4BCF-96E9-D7EA5052C51D}.Debug|Any CPU.ActiveCfg = Debug|Any CPU
		{6E8B9B90-E811-4BCF-96E9-D7EA5052C51D}.Debug|Any CPU.Build.0 = Debug|Any CPU
		{6E8B9B90-E811-4BCF-96E9-D7EA5052C51D}.Release|Any CPU.ActiveCfg = Release|Any CPU
		{6E8B9B90-E811-4BCF-96E9-D7EA5052C51D}.Release|Any CPU.Build.0 = Release|Any CPU
	EndGlobalSection
	GlobalSection(SolutionProperties) = preSolution
		HideSolutionNode = FALSE
	EndGlobalSection
	GlobalSection(ExtensibilityGlobals) = postSolution
		SolutionGuid = {652D8BB2-D3FC-4F40-9AFB-0D6F93779855}
	EndGlobalSection
EndGlobal
